
Microsoft Visual Studio Solution File, Format Version 12.00
# Visual Studio 2013
VisualStudioVersion = 12.0.30723.0
MinimumVisualStudioVersion = 10.0.40219.1
Project("{FAE04EC0-301F-11D3-BF4B-00C04F79EFBC}") = "HttpFileServer", "HttpFileServer\HttpFileServer.csproj", "{AEC8E92E-425B-4700-B064-3421FAA9DB27}"
EndProject
Project("{FAE04EC0-301F-11D3-BF4B-00C04F79EFBC}") = "HttpFileServerTest", "HttpFileServerTest\HttpFileServerTest.csproj", "{0EDBE02D-807D-446D-B89F-DCB69BF31072}"
EndProject
Global
	GlobalSection(SolutionConfigurationPlatforms) = preSolution
		Debug|Any CPU = Debug|Any CPU
		Release|Any CPU = Release|Any CPU
	EndGlobalSection
	GlobalSection(ProjectConfigurationPlatforms) = postSolution
		{AEC8E92E-425B-4700-B064-3421FAA9DB27}.Debug|Any CPU.ActiveCfg = Debug|Any CPU
		{AEC8E92E-425B-4700-B064-3421FAA9DB27}.Debug|Any CPU.Build.0 = Debug|Any CPU
		{AEC8E92E-425B-4700-B064-3421FAA9DB27}.Release|Any CPU.ActiveCfg = Release|Any CPU
		{AEC8E92E-425B-4700-B064-3421FAA9DB27}.Release|Any CPU.Build.0 = Release|Any CPU
		{0EDBE02D-807D-446D-B89F-DCB69BF31072}.Debug|Any CPU.ActiveCfg = Debug|Any CPU
		{0EDBE02D-807D-446D-B89F-DCB69BF31072}.Debug|Any CPU.Build.0 = Debug|Any CPU
		{0EDBE02D-807D-446D-B89F-DCB69BF31072}.Release|Any CPU.ActiveCfg = Release|Any CPU
		{0EDBE02D-807D-446D-B89F-DCB69BF31072}.Release|Any CPU.Build.0 = Release|Any CPU
	EndGlobalSection
	GlobalSection(SolutionProperties) = preSolution
		HideSolutionNode = FALSE
	EndGlobalSection
EndGlobal
